
Microsoft Visual Studio Solution File, Format Version 12.00
# Visual Studio Version 17
VisualStudioVersion = 17.14.36518.9
MinimumVisualStudioVersion = 10.0.40219.1
Project("{FAE04EC0-301F-11D3-BF4B-00C04F79EFBC}") = "OnlineCasino", "OnlineCasino\OnlineCasino.csproj", "{1A8FE6F8-B4CD-4656-BD0D-F3EFF4475541}"
EndProject
Global
	GlobalSection(SolutionConfigurationPlatforms) = preSolution
		Debug|Any CPU = Debug|Any CPU
		Release|Any CPU = Release|Any CPU
	EndGlobalSection
	GlobalSection(ProjectConfigurationPlatforms) = postSolution
		{1A8FE6F8-B4CD-4656-BD0D-F3EFF4475541}.Debug|Any CPU.ActiveCfg = Debug|Any CPU
		{1A8FE6F8-B4CD-4656-BD0D-F3EFF4475541}.Debug|Any CPU.Build.0 = Debug|Any CPU
		{1A8FE6F8-B4CD-4656-BD0D-F3EFF4475541}.Release|Any CPU.ActiveCfg = Release|Any CPU
		{1A8FE6F8-B4CD-4656-BD0D-F3EFF4475541}.Release|Any CPU.Build.0 = Release|Any CPU
	EndGlobalSection
	GlobalSection(SolutionProperties) = preSolution
		HideSolutionNode = FALSE
	EndGlobalSection
	GlobalSection(ExtensibilityGlobals) = postSolution
		SolutionGuid = {2CF15149-43BC-4DF6-A913-D6600137134A}
	EndGlobalSection
EndGlobal
